
Microsoft Visual Studio Solution File, Format Version 12.00
# Visual Studio Version 17
VisualStudioVersion = 17.9.34701.34
MinimumVisualStudioVersion = 10.0.40219.1
Project("{FAE04EC0-301F-11D3-BF4B-00C04F79EFBC}") = "Portfolio", "Portfolio\Portfolio.csproj", "{B436BBE5-6D8F-4079-BA0B-5F67B9C79AD9}"
EndProject
Global
	GlobalSection(SolutionConfigurationPlatforms) = preSolution
		Debug|Any CPU = Debug|Any CPU
		Release|Any CPU = Release|Any CPU
	EndGlobalSection
	GlobalSection(ProjectConfigurationPlatforms) = postSolution
		{B436BBE5-6D8F-4079-BA0B-5F67B9C79AD9}.Debug|Any CPU.ActiveCfg = Debug|Any CPU
		{B436BBE5-6D8F-4079-BA0B-5F67B9C79AD9}.Debug|Any CPU.Build.0 = Debug|Any CPU
		{B436BBE5-6D8F-4079-BA0B-5F67B9C79AD9}.Release|Any CPU.ActiveCfg = Release|Any CPU
		{B436BBE5-6D8F-4079-BA0B-5F67B9C79AD9}.Release|Any CPU.Build.0 = Release|Any CPU
	EndGlobalSection
	GlobalSection(SolutionProperties) = preSolution
		HideSolutionNode = FALSE
	EndGlobalSection
	GlobalSection(ExtensibilityGlobals) = postSolution
		SolutionGuid = {1C5DE0CB-B401-4017-8B12-720DB957A92D}
	EndGlobalSection
EndGlobal
